<?xml version="1.0" encoding="UTF-8" standalone="yes" ?>
<CodeBlocks_project_file>
	<FileVersion major="1" minor="6" />
	<Project>
		<Option title="cs01" />
		<Option pch_mode="2" />
		<Option compiler="gcc" />
		<Build>
			<Target title="3.2">
				<Option output="../build/3_2" prefix_auto="1" extension_auto="1" />
				<Option working_dir="../build/" />
				<Option object_output="../build/obj/" />
				<Option type="1" />
				<Option compiler="gcc" />
				<Compiler>
					<Add option="-g" />
				</Compiler>
			</Target>
			<Target title="3.4">
				<Option output="../build/3_4" prefix_auto="1" extension_auto="1" />
				<Option working_dir="../build/" />
				<Option object_output="../build/obj/" />
				<Option type="1" />
				<Option compiler="gcc" />
				<Compiler>
					<Add option="-O2" />
				</Compiler>
				<Linker>
					<Add option="-s" />
				</Linker>
			</Target>
			<Target title="5.3">
				<Option output="../build/5_3" prefix_auto="1" extension_auto="1" />
				<Option working_dir="../build/" />
				<Option object_output="../build/obj/" />
				<Option type="1" />
				<Option compiler="gcc" />
			</Target>
			<Target title="5.5">
				<Option output="../build/5_5" prefix_auto="1" extension_auto="1" />
				<Option working_dir="../build/" />
				<Option object_output="../build/obj/" />
				<Option type="1" />
				<Option compiler="gcc" />
			</Target>
			<Target title="5.9">
				<Option output="../build/5_9" prefix_auto="1" extension_auto="1" />
				<Option working_dir="../build/" />
				<Option object_output="../build/obj/" />
				<Option type="1" />
				<Option compiler="gcc" />
			</Target>
			<Target title="7.1">
				<Option output="../build/7_1" prefix_auto="1" extension_auto="1" />
				<Option working_dir="../build/" />
				<Option object_output="../build/obj/" />
				<Option type="1" />
				<Option compiler="gcc" />
			</Target>
			<Target title="7.5">
				<Option output="../build/7_5" prefix_auto="1" extension_auto="1" />
				<Option working_dir="../build/" />
				<Option object_output="../build/obj/" />
				<Option type="1" />
				<Option compiler="gcc" />
			</Target>
			<Target title="7.6">
				<Option output="../build/7_6" prefix_auto="1" extension_auto="1" />
				<Option working_dir="../build/" />
				<Option object_output="../build/obj/" />
				<Option type="1" />
				<Option compiler="gcc" />
			</Target>
			<Target title="8.1">
				<Option output="../build/8_1" prefix_auto="1" extension_auto="1" />
				<Option working_dir="../build/" />
				<Option object_output="../build/obj/" />
				<Option type="1" />
				<Option compiler="gcc" />
			</Target>
			<Target title="8.2">
				<Option output="../build/8_2" prefix_auto="1" extension_auto="1" />
				<Option working_dir="../build/" />
				<Option object_output="../build/obj/" />
				<Option type="1" />
				<Option compiler="gcc" />
			</Target>
			<Target title="8.3">
				<Option output="../build/8_3" prefix_auto="1" extension_auto="1" />
				<Option working_dir="../build/" />
				<Option object_output="../build/obj/" />
				<Option type="1" />
				<Option compiler="gcc" />
			</Target>
			<Target title="8.5">
				<Option output="../build/8_5" prefix_auto="1" extension_auto="1" />
				<Option working_dir="../build/" />
				<Option object_output="../build/obj/" />
				<Option type="1" />
				<Option compiler="gcc" />
			</Target>
			<Target title="9.4">
				<Option output="../build/9_4" prefix_auto="1" extension_auto="1" />
				<Option working_dir="../build/" />
				<Option object_output="../build/obj/" />
				<Option type="1" />
				<Option compiler="gcc" />
			</Target>
			<Target title="10.1">
				<Option output="../build/10_1" prefix_auto="1" extension_auto="1" />
				<Option working_dir="../build/" />
				<Option object_output="../build/obj/" />
				<Option type="1" />
				<Option compiler="gcc" />
			</Target>
			<Target title="10.2">
				<Option output="../build/10_2" prefix_auto="1" extension_auto="1" />
				<Option working_dir="../build/" />
				<Option object_output="../build/obj/" />
				<Option type="1" />
				<Option compiler="gcc" />
			</Target>
			<Target title="11.1">
				<Option output="../build/11_1" prefix_auto="1" extension_auto="1" />
				<Option working_dir="../build/" />
				<Option object_output="../build/obj/" />
				<Option type="1" />
				<Option compiler="gcc" />
			</Target>
			<Target title="11.3">
				<Option output="../build/11_3" prefix_auto="1" extension_auto="1" />
				<Option working_dir="../build/" />
				<Option object_output="../build/obj/" />
				<Option type="1" />
				<Option compiler="gcc" />
			</Target>
			<Target title="12.1">
				<Option output="../build/12_1" prefix_auto="1" extension_auto="1" />
				<Option working_dir="../build/" />
				<Option object_output="../build/obj/" />
				<Option type="1" />
				<Option compiler="gcc" />
				<Compiler>
					<Add option="-pedantic" />
				</Compiler>
			</Target>
			<Target title="12.2">
				<Option output="../build/12_2" prefix_auto="1" extension_auto="1" />
				<Option working_dir="../build/" />
				<Option object_output="../build/obj/" />
				<Option type="1" />
				<Option compiler="gcc" />
			</Target>
			<Target title="12.3">
				<Option output="../build/12_3" prefix_auto="1" extension_auto="1" />
				<Option working_dir="../build/" />
				<Option object_output="../build/obj/" />
				<Option type="1" />
				<Option compiler="gcc" />
			</Target>
			<Target title="12.5">
				<Option output="../build/12_5" prefix_auto="1" extension_auto="1" />
				<Option working_dir="../build/" />
				<Option object_output="../build/obj/" />
				<Option type="1" />
				<Option compiler="gcc" />
			</Target>
			<Target title="13">
				<Option output="../build/13" prefix_auto="1" extension_auto="1" />
				<Option working_dir="../build/" />
				<Option object_output="../build/obj/" />
				<Option type="1" />
				<Option compiler="gcc" />
			</Target>
			<Target title="14.3">
				<Option output="../build/14" prefix_auto="1" extension_auto="1" />
				<Option working_dir="../build/" />
				<Option object_output="../build/obj/" />
				<Option type="1" />
				<Option compiler="gcc" />
			</Target>
		</Build>
		<Compiler>
			<Add option="-Wextra" />
			<Add option="-Wall" />
			<Add option="-g" />
		</Compiler>
		<Unit filename="10.1.c">
			<Option compilerVar="CC" />
			<Option target="10.1" />
		</Unit>
		<Unit filename="10.1/number_analysis.c">
			<Option compilerVar="CC" />
			<Option target="10.1" />
		</Unit>
		<Unit filename="10.1/number_analysis.h">
			<Option target="&lt;{~None~}&gt;" />
		</Unit>
		<Unit filename="10.2.c">
			<Option compilerVar="CC" />
			<Option target="10.2" />
		</Unit>
		<Unit filename="10.2/function_analysis.c">
			<Option compilerVar="CC" />
			<Option target="10.2" />
		</Unit>
		<Unit filename="10.2/function_analysis.h">
			<Option target="&lt;{~None~}&gt;" />
		</Unit>
		<Unit filename="11.1.c">
			<Option compilerVar="CC" />
			<Option target="11.1" />
		</Unit>
		<Unit filename="11.1/digital_root.c">
			<Option compilerVar="CC" />
			<Option target="11.1" />
		</Unit>
		<Unit filename="11.1/digital_root.h">
			<Option target="&lt;{~None~}&gt;" />
		</Unit>
		<Unit filename="11.1/gcd_lcm.c">
			<Option compilerVar="CC" />
			<Option target="11.1" />
		</Unit>
		<Unit filename="11.1/gcd_lcm.h">
			<Option target="&lt;{~None~}&gt;" />
		</Unit>
		<Unit filename="11.3.c">
			<Option compilerVar="CC" />
			<Option target="11.3" />
		</Unit>
		<Unit filename="11.3/print_in_base.c">
			<Option compilerVar="CC" />
			<Option target="11.3" />
		</Unit>
		<Unit filename="11.3/print_in_base.h">
			<Option target="&lt;{~None~}&gt;" />
		</Unit>
		<Unit filename="12.1.c">
			<Option compilerVar="CC" />
			<Option target="12.1" />
		</Unit>
		<Unit filename="12.1/array_io.c">
			<Option compilerVar="CC" />
			<Option target="12.1" />
			<Option target="12.2" />
			<Option target="12.3" />
			<Option target="12.5" />
			<Option target="14.3" />
		</Unit>
		<Unit filename="12.1/array_io.h">
			<Option target="&lt;{~None~}&gt;" />
		</Unit>
		<Unit filename="12.2.c">
			<Option compilerVar="CC" />
			<Option target="12.2" />
		</Unit>
		<Unit filename="12.2/array_analysis.c">
			<Option compilerVar="CC" />
			<Option target="12.2" />
		</Unit>
		<Unit filename="12.2/array_analysis.h">
			<Option target="&lt;{~None~}&gt;" />
		</Unit>
		<Unit filename="12.3.c">
			<Option compilerVar="CC" />
			<Option target="12.3" />
		</Unit>
		<Unit filename="12.3/odd_even.c">
			<Option compilerVar="CC" />
			<Option target="12.3" />
		</Unit>
		<Unit filename="12.3/odd_even.h">
			<Option target="&lt;{~None~}&gt;" />
		</Unit>
		<Unit filename="12.5.c">
			<Option compilerVar="CC" />
			<Option target="12.5" />
		</Unit>
		<Unit filename="12.5/find_max_row.c">
			<Option compilerVar="CC" />
			<Option target="12.5" />
		</Unit>
		<Unit filename="12.5/find_max_row.h">
			<Option target="&lt;{~None~}&gt;" />
		</Unit>
		<Unit filename="13.c">
			<Option compilerVar="CC" />
			<Option target="13" />
		</Unit>
		<Unit filename="13/integrate.c">
			<Option compilerVar="CC" />
			<Option target="13" />
		</Unit>
		<Unit filename="13/integrate.h">
			<Option target="&lt;{~None~}&gt;" />
		</Unit>
		<Unit filename="14.3.c">
			<Option compilerVar="CC" />
			<Option target="14.3" />
		</Unit>
		<Unit filename="14.3/binary_operations.c">
			<Option compilerVar="CC" />
			<Option target="14.3" />
		</Unit>
		<Unit filename="14.3/binary_operations.h">
			<Option target="&lt;{~None~}&gt;" />
		</Unit>
		<Unit filename="3.2.c">
			<Option compilerVar="CC" />
			<Option target="3.2" />
		</Unit>
		<Unit filename="3.4.c">
			<Option compilerVar="CC" />
			<Option target="3.4" />
		</Unit>
		<Unit filename="5.3.c">
			<Option compilerVar="CC" />
			<Option target="5.3" />
		</Unit>
		<Unit filename="5.5.c">
			<Option compilerVar="CC" />
			<Option target="5.5" />
		</Unit>
		<Unit filename="5.9.c">
			<Option compilerVar="CC" />
			<Option target="5.9" />
		</Unit>
		<Unit filename="7.1.c">
			<Option compilerVar="CC" />
			<Option target="7.1" />
		</Unit>
		<Unit filename="7.5.c">
			<Option compilerVar="CC" />
			<Option target="7.5" />
		</Unit>
		<Unit filename="7.6.c">
			<Option compilerVar="CC" />
			<Option target="7.6" />
		</Unit>
		<Unit filename="8.1.c">
			<Option compilerVar="CC" />
			<Option target="8.1" />
		</Unit>
		<Unit filename="8.2.c">
			<Option compilerVar="CC" />
			<Option target="8.2" />
		</Unit>
		<Unit filename="8.3.c">
			<Option compilerVar="CC" />
			<Option target="8.3" />
		</Unit>
		<Unit filename="8.5.c">
			<Option compilerVar="CC" />
			<Option target="8.5" />
		</Unit>
		<Unit filename="9.4.c">
			<Option compilerVar="CC" />
			<Option target="9.4" />
		</Unit>
		<Extensions>
			<code_completion />
			<envvars />
			<debugger />
		</Extensions>
	</Project>
</CodeBlocks_project_file>
